// !$*UTF8*$!
{
	archiveVersion = 1;
	classes = {
	};
	objectVersion = 56;
	objects = {

/* Begin PBXBuildFile section */
		D0004ABA2A26661400D60EAD /* Date+Extension.swift in Sources */ = {isa = PBXBuildFile; fileRef = D0004AB92A26661400D60EAD /* Date+Extension.swift */; };
		D00C209B29F6E85200CC5EB3 /* UITextFied+Extension.swift in Sources */ = {isa = PBXBuildFile; fileRef = D00C209A29F6E85200CC5EB3 /* UITextFied+Extension.swift */; };
		D00CD0BD29F2CF5E0060D235 /* AppDelegate.swift in Sources */ = {isa = PBXBuildFile; fileRef = D00CD0BC29F2CF5E0060D235 /* AppDelegate.swift */; };
		D00CD0BF29F2CF5E0060D235 /* SceneDelegate.swift in Sources */ = {isa = PBXBuildFile; fileRef = D00CD0BE29F2CF5E0060D235 /* SceneDelegate.swift */; };
		D00CD0C129F2CF5E0060D235 /* ViewController.swift in Sources */ = {isa = PBXBuildFile; fileRef = D00CD0C029F2CF5E0060D235 /* ViewController.swift */; };
		D00CD0C429F2CF5E0060D235 /* Main.storyboard in Resources */ = {isa = PBXBuildFile; fileRef = D00CD0C229F2CF5E0060D235 /* Main.storyboard */; };
		D00CD0C629F2CF5F0060D235 /* Assets.xcassets in Resources */ = {isa = PBXBuildFile; fileRef = D00CD0C529F2CF5F0060D235 /* Assets.xcassets */; };
		D00CD0C929F2CF5F0060D235 /* LaunchScreen.storyboard in Resources */ = {isa = PBXBuildFile; fileRef = D00CD0C729F2CF5F0060D235 /* LaunchScreen.storyboard */; };
		D00CD0D429F2CF5F0060D235 /* ExtentionsTests.swift in Sources */ = {isa = PBXBuildFile; fileRef = D00CD0D329F2CF5F0060D235 /* ExtentionsTests.swift */; };
		D00CD0DE29F2CF5F0060D235 /* ExtentionsUITests.swift in Sources */ = {isa = PBXBuildFile; fileRef = D00CD0DD29F2CF5F0060D235 /* ExtentionsUITests.swift */; };
		D00CD0E029F2CF5F0060D235 /* ExtentionsUITestsLaunchTests.swift in Sources */ = {isa = PBXBuildFile; fileRef = D00CD0DF29F2CF5F0060D235 /* ExtentionsUITestsLaunchTests.swift */; };
		D00CD0ED29F2CFFF0060D235 /* ToastMessage.swift in Sources */ = {isa = PBXBuildFile; fileRef = D00CD0EC29F2CFFF0060D235 /* ToastMessage.swift */; };
		D00FB1472A0AB081006BB407 /* SupportingFile in Resources */ = {isa = PBXBuildFile; fileRef = D00FB1462A0AB081006BB407 /* SupportingFile */; };
		D01CC9F629F420C400C20E15 /* AddDashBoard+UIView.swift in Sources */ = {isa = PBXBuildFile; fileRef = D01CC9F529F420C400C20E15 /* AddDashBoard+UIView.swift */; };
		D01CC9F929F421E900C20E15 /* UIAlertViewController+UIVIew.swift in Sources */ = {isa = PBXBuildFile; fileRef = D01CC9F829F421E900C20E15 /* UIAlertViewController+UIVIew.swift */; };
		D06149342A02C816005F2192 /* UITableView+Extensions.swift in Sources */ = {isa = PBXBuildFile; fileRef = D06149332A02C816005F2192 /* UITableView+Extensions.swift */; };
		D09D08B529F84AB600ECDE24 /* UILabel+Extension.swift in Sources */ = {isa = PBXBuildFile; fileRef = D09D08B429F84AB600ECDE24 /* UILabel+Extension.swift */; };
		D0A5C3772A0BEB5500E88D38 /* SetColor+Label.swift in Sources */ = {isa = PBXBuildFile; fileRef = D0A5C3762A0BEB5500E88D38 /* SetColor+Label.swift */; };
		D0DEC3FA2A225E8600F08C57 /* Array+Extension.swift in Sources */ = {isa = PBXBuildFile; fileRef = D0DEC3F92A225E8600F08C57 /* Array+Extension.swift */; };
		D0EFC49E2A238B8900FD0677 /* UIImage+Extension.swift in Sources */ = {isa = PBXBuildFile; fileRef = D0EFC49D2A238B8900FD0677 /* UIImage+Extension.swift */; };
		D0F56CC329F5AA3600AAC53F /* UI+Extensions.swift in Sources */ = {isa = PBXBuildFile; fileRef = D0F56CC229F5AA3600AAC53F /* UI+Extensions.swift */; };
/* End PBXBuildFile section */

/* Begin PBXContainerItemProxy section */
		D00CD0D029F2CF5F0060D235 /* PBXContainerItemProxy */ = {
			isa = PBXContainerItemProxy;
			containerPortal = D00CD0B129F2CF5E0060D235 /* Project object */;
			proxyType = 1;
			remoteGlobalIDString = D00CD0B829F2CF5E0060D235;
			remoteInfo = Extentions;
		};
		D00CD0DA29F2CF5F0060D235 /* PBXContainerItemProxy */ = {
			isa = PBXContainerItemProxy;
			containerPortal = D00CD0B129F2CF5E0060D235 /* Project object */;
			proxyType = 1;
			remoteGlobalIDString = D00CD0B829F2CF5E0060D235;
			remoteInfo = Extentions;
		};
/* End PBXContainerItemProxy section */

/* Begin PBXFileReference section */
		D0004AB92A26661400D60EAD /* Date+Extension.swift */ = {isa = PBXFileReference; lastKnownFileType = sourcecode.swift; path = "Date+Extension.swift"; sourceTree = "<group>"; };
		D00C209A29F6E85200CC5EB3 /* UITextFied+Extension.swift */ = {isa = PBXFileReference; lastKnownFileType = sourcecode.swift; path = "UITextFied+Extension.swift"; sourceTree = "<group>"; };
		D00CD0B929F2CF5E0060D235 /* Extentions.app */ = {isa = PBXFileReference; explicitFileType = wrapper.application; includeInIndex = 0; path = Extentions.app; sourceTree = BUILT_PRODUCTS_DIR; };
		D00CD0BC29F2CF5E0060D235 /* AppDelegate.swift */ = {isa = PBXFileReference; lastKnownFileType = sourcecode.swift; path = AppDelegate.swift; sourceTree = "<group>"; };
		D00CD0BE29F2CF5E0060D235 /* SceneDelegate.swift */ = {isa = PBXFileReference; lastKnownFileType = sourcecode.swift; path = SceneDelegate.swift; sourceTree = "<group>"; };
		D00CD0C029F2CF5E0060D235 /* ViewController.swift */ = {isa = PBXFileReference; lastKnownFileType = sourcecode.swift; path = ViewController.swift; sourceTree = "<group>"; };
		D00CD0C329F2CF5E0060D235 /* Base */ = {isa = PBXFileReference; lastKnownFileType = file.storyboard; name = Base; path = Base.lproj/Main.storyboard; sourceTree = "<group>"; };
		D00CD0C529F2CF5F0060D235 /* Assets.xcassets */ = {isa = PBXFileReference; lastKnownFileType = folder.assetcatalog; path = Assets.xcassets; sourceTree = "<group>"; };
		D00CD0C829F2CF5F0060D235 /* Base */ = {isa = PBXFileReference; lastKnownFileType = file.storyboard; name = Base; path = Base.lproj/LaunchScreen.storyboard; sourceTree = "<group>"; };
		D00CD0CA29F2CF5F0060D235 /* Info.plist */ = {isa = PBXFileReference; lastKnownFileType = text.plist.xml; path = Info.plist; sourceTree = "<group>"; };
		D00CD0CF29F2CF5F0060D235 /* ExtentionsTests.xctest */ = {isa = PBXFileReference; explicitFileType = wrapper.cfbundle; includeInIndex = 0; path = ExtentionsTests.xctest; sourceTree = BUILT_PRODUCTS_DIR; };
		D00CD0D329F2CF5F0060D235 /* ExtentionsTests.swift */ = {isa = PBXFileReference; lastKnownFileType = sourcecode.swift; path = ExtentionsTests.swift; sourceTree = "<group>"; };
		D00CD0D929F2CF5F0060D235 /* ExtentionsUITests.xctest */ = {isa = PBXFileReference; explicitFileType = wrapper.cfbundle; includeInIndex = 0; path = ExtentionsUITests.xctest; sourceTree = BUILT_PRODUCTS_DIR; };
		D00CD0DD29F2CF5F0060D235 /* ExtentionsUITests.swift */ = {isa = PBXFileReference; lastKnownFileType = sourcecode.swift; path = ExtentionsUITests.swift; sourceTree = "<group>"; };
		D00CD0DF29F2CF5F0060D235 /* ExtentionsUITestsLaunchTests.swift */ = {isa = PBXFileReference; lastKnownFileType = sourcecode.swift; path = ExtentionsUITestsLaunchTests.swift; sourceTree = "<group>"; };
		D00CD0EC29F2CFFF0060D235 /* ToastMessage.swift */ = {isa = PBXFileReference; lastKnownFileType = sourcecode.swift; path = ToastMessage.swift; sourceTree = "<group>"; };
		D00FB1462A0AB081006BB407 /* SupportingFile */ = {isa = PBXFileReference; lastKnownFileType = folder; path = SupportingFile; sourceTree = "<group>"; };
		D01CC9F529F420C400C20E15 /* AddDashBoard+UIView.swift */ = {isa = PBXFileReference; lastKnownFileType = sourcecode.swift; path = "AddDashBoard+UIView.swift"; sourceTree = "<group>"; };
		D01CC9F829F421E900C20E15 /* UIAlertViewController+UIVIew.swift */ = {isa = PBXFileReference; lastKnownFileType = sourcecode.swift; path = "UIAlertViewController+UIVIew.swift"; sourceTree = "<group>"; };
		D06149332A02C816005F2192 /* UITableView+Extensions.swift */ = {isa = PBXFileReference; lastKnownFileType = sourcecode.swift; path = "UITableView+Extensions.swift"; sourceTree = "<group>"; };
		D09D08B429F84AB600ECDE24 /* UILabel+Extension.swift */ = {isa = PBXFileReference; lastKnownFileType = sourcecode.swift; path = "UILabel+Extension.swift"; sourceTree = "<group>"; };
		D0A5C3762A0BEB5500E88D38 /* SetColor+Label.swift */ = {isa = PBXFileReference; lastKnownFileType = sourcecode.swift; path = "SetColor+Label.swift"; sourceTree = "<group>"; };
		D0DEC3F92A225E8600F08C57 /* Array+Extension.swift */ = {isa = PBXFileReference; lastKnownFileType = sourcecode.swift; path = "Array+Extension.swift"; sourceTree = "<group>"; };
		D0EFC49D2A238B8900FD0677 /* UIImage+Extension.swift */ = {isa = PBXFileReference; lastKnownFileType = sourcecode.swift; path = "UIImage+Extension.swift"; sourceTree = "<group>"; };
		D0F56CC229F5AA3600AAC53F /* UI+Extensions.swift */ = {isa = PBXFileReference; lastKnownFileType = sourcecode.swift; path = "UI+Extensions.swift"; sourceTree = "<group>"; };
/* End PBXFileReference section */

/* Begin PBXFrameworksBuildPhase section */
		D00CD0B629F2CF5E0060D235 /* Frameworks */ = {
			isa = PBXFrameworksBuildPhase;
			buildActionMask = 2147483647;
			files = (
			);
			runOnlyForDeploymentPostprocessing = 0;
		};
		D00CD0CC29F2CF5F0060D235 /* Frameworks */ = {
			isa = PBXFrameworksBuildPhase;
			buildActionMask = 2147483647;
			files = (
			);
			runOnlyForDeploymentPostprocessing = 0;
		};
		D00CD0D629F2CF5F0060D235 /* Frameworks */ = {
			isa = PBXFrameworksBuildPhase;
			buildActionMask = 2147483647;
			files = (
			);
			runOnlyForDeploymentPostprocessing = 0;
		};
/* End PBXFrameworksBuildPhase section */

/* Begin PBXGroup section */
		D00CD0B029F2CF5E0060D235 = {
			isa = PBXGroup;
			children = (
				D00CD0BB29F2CF5E0060D235 /* Extentions */,
				D00CD0D229F2CF5F0060D235 /* ExtentionsTests */,
				D00CD0DC29F2CF5F0060D235 /* ExtentionsUITests */,
				D00CD0BA29F2CF5E0060D235 /* Products */,
			);
			sourceTree = "<group>";
		};
		D00CD0BA29F2CF5E0060D235 /* Products */ = {
			isa = PBXGroup;
			children = (
				D00CD0B929F2CF5E0060D235 /* Extentions.app */,
				D00CD0CF29F2CF5F0060D235 /* ExtentionsTests.xctest */,
				D00CD0D929F2CF5F0060D235 /* ExtentionsUITests.xctest */,
			);
			name = Products;
			sourceTree = "<group>";
		};
		D00CD0BB29F2CF5E0060D235 /* Extentions */ = {
			isa = PBXGroup;
			children = (
				D00FB1462A0AB081006BB407 /* SupportingFile */,
				D01CC9F729F421C000C20E15 /* Extensions */,
				D00CD0BC29F2CF5E0060D235 /* AppDelegate.swift */,
				D00CD0BE29F2CF5E0060D235 /* SceneDelegate.swift */,
				D00CD0C029F2CF5E0060D235 /* ViewController.swift */,
				D00CD0C229F2CF5E0060D235 /* Main.storyboard */,
				D00CD0C529F2CF5F0060D235 /* Assets.xcassets */,
				D00CD0C729F2CF5F0060D235 /* LaunchScreen.storyboard */,
				D00CD0CA29F2CF5F0060D235 /* Info.plist */,
			);
			path = Extentions;
			sourceTree = "<group>";
		};
		D00CD0D229F2CF5F0060D235 /* ExtentionsTests */ = {
			isa = PBXGroup;
			children = (
				D00CD0D329F2CF5F0060D235 /* ExtentionsTests.swift */,
			);
			path = ExtentionsTests;
			sourceTree = "<group>";
		};
		D00CD0DC29F2CF5F0060D235 /* ExtentionsUITests */ = {
			isa = PBXGroup;
			children = (
				D00CD0DD29F2CF5F0060D235 /* ExtentionsUITests.swift */,
				D00CD0DF29F2CF5F0060D235 /* ExtentionsUITestsLaunchTests.swift */,
			);
			path = ExtentionsUITests;
			sourceTree = "<group>";
		};
		D01CC9F729F421C000C20E15 /* Extensions */ = {
			isa = PBXGroup;
			children = (
				D00CD0EC29F2CFFF0060D235 /* ToastMessage.swift */,
				D01CC9F529F420C400C20E15 /* AddDashBoard+UIView.swift */,
				D01CC9F829F421E900C20E15 /* UIAlertViewController+UIVIew.swift */,
				D0F56CC229F5AA3600AAC53F /* UI+Extensions.swift */,
				D00C209A29F6E85200CC5EB3 /* UITextFied+Extension.swift */,
				D09D08B429F84AB600ECDE24 /* UILabel+Extension.swift */,
				D06149332A02C816005F2192 /* UITableView+Extensions.swift */,
				D0A5C3762A0BEB5500E88D38 /* SetColor+Label.swift */,
				D0DEC3F92A225E8600F08C57 /* Array+Extension.swift */,
				D0EFC49D2A238B8900FD0677 /* UIImage+Extension.swift */,
				D0004AB92A26661400D60EAD /* Date+Extension.swift */,
			);
			path = Extensions;
			sourceTree = "<group>";
		};
/* End PBXGroup section */

/* Begin PBXNativeTarget section */
		D00CD0B829F2CF5E0060D235 /* Extentions */ = {
			isa = PBXNativeTarget;
			buildConfigurationList = D00CD0E329F2CF5F0060D235 /* Build configuration list for PBXNativeTarget "Extentions" */;
			buildPhases = (
				D00CD0B529F2CF5E0060D235 /* Sources */,
				D00CD0B629F2CF5E0060D235 /* Frameworks */,
				D00CD0B729F2CF5E0060D235 /* Resources */,
			);
			buildRules = (
			);
			dependencies = (
			);
			name = Extentions;
			productName = Extentions;
			productReference = D00CD0B929F2CF5E0060D235 /* Extentions.app */;
			productType = "com.apple.product-type.application";
		};
		D00CD0CE29F2CF5F0060D235 /* ExtentionsTests */ = {
			isa = PBXNativeTarget;
			buildConfigurationList = D00CD0E629F2CF5F0060D235 /* Build configuration list for PBXNativeTarget "ExtentionsTests" */;
			buildPhases = (
				D00CD0CB29F2CF5F0060D235 /* Sources */,
				D00CD0CC29F2CF5F0060D235 /* Frameworks */,
				D00CD0CD29F2CF5F0060D235 /* Resources */,
			);
			buildRules = (
			);
			dependencies = (
				D00CD0D129F2CF5F0060D235 /* PBXTargetDependency */,
			);
			name = ExtentionsTests;
			productName = ExtentionsTests;
			productReference = D00CD0CF29F2CF5F0060D235 /* ExtentionsTests.xctest */;
			productType = "com.apple.product-type.bundle.unit-test";
		};
		D00CD0D829F2CF5F0060D235 /* ExtentionsUITests */ = {
			isa = PBXNativeTarget;
			buildConfigurationList = D00CD0E929F2CF5F0060D235 /* Build configuration list for PBXNativeTarget "ExtentionsUITests" */;
			buildPhases = (
				D00CD0D529F2CF5F0060D235 /* Sources */,
				D00CD0D629F2CF5F0060D235 /* Frameworks */,
				D00CD0D729F2CF5F0060D235 /* Resources */,
			);
			buildRules = (
			);
			dependencies = (
				D00CD0DB29F2CF5F0060D235 /* PBXTargetDependency */,
			);
			name = ExtentionsUITests;
			productName = ExtentionsUITests;
			productReference = D00CD0D929F2CF5F0060D235 /* ExtentionsUITests.xctest */;
			productType = "com.apple.product-type.bundle.ui-testing";
		};
/* End PBXNativeTarget section */

/* Begin PBXProject section */
		D00CD0B129F2CF5E0060D235 /* Project object */ = {
			isa = PBXProject;
			attributes = {
				BuildIndependentTargetsInParallel = 1;
				LastSwiftUpdateCheck = 1430;
				LastUpgradeCheck = 1430;
				TargetAttributes = {
					D00CD0B829F2CF5E0060D235 = {
						CreatedOnToolsVersion = 14.3;
					};
					D00CD0CE29F2CF5F0060D235 = {
						CreatedOnToolsVersion = 14.3;
						TestTargetID = D00CD0B829F2CF5E0060D235;
					};
					D00CD0D829F2CF5F0060D235 = {
						CreatedOnToolsVersion = 14.3;
						TestTargetID = D00CD0B829F2CF5E0060D235;
					};
				};
			};
			buildConfigurationList = D00CD0B429F2CF5E0060D235 /* Build configuration list for PBXProject "Extentions" */;
			compatibilityVersion = "Xcode 14.0";
			developmentRegion = en;
			hasScannedForEncodings = 0;
			knownRegions = (
				en,
				Base,
			);
			mainGroup = D00CD0B029F2CF5E0060D235;
			productRefGroup = D00CD0BA29F2CF5E0060D235 /* Products */;
			projectDirPath = "";
			projectRoot = "";
			targets = (
				D00CD0B829F2CF5E0060D235 /* Extentions */,
				D00CD0CE29F2CF5F0060D235 /* ExtentionsTests */,
				D00CD0D829F2CF5F0060D235 /* ExtentionsUITests */,
			);
		};
/* End PBXProject section */

/* Begin PBXResourcesBuildPhase section */
		D00CD0B729F2CF5E0060D235 /* Resources */ = {
			isa = PBXResourcesBuildPhase;
			buildActionMask = 2147483647;
			files = (
				D00CD0C929F2CF5F0060D235 /* LaunchScreen.storyboard in Resources */,
				D00FB1472A0AB081006BB407 /* SupportingFile in Resources */,
				D00CD0C629F2CF5F0060D235 /* Assets.xcassets in Resources */,
				D00CD0C429F2CF5E0060D235 /* Main.storyboard in Resources */,
			);
			runOnlyForDeploymentPostprocessing = 0;
		};
		D00CD0CD29F2CF5F0060D235 /* Resources */ = {
			isa = PBXResourcesBuildPhase;
			buildActionMask = 2147483647;
			files = (
			);
			runOnlyForDeploymentPostprocessing = 0;
		};
		D00CD0D729F2CF5F0060D235 /* Resources */ = {
			isa = PBXResourcesBuildPhase;
			buildActionMask = 2147483647;
			files = (
			);
			runOnlyForDeploymentPostprocessing = 0;
		};
/* End PBXResourcesBuildPhase section */

/* Begin PBXSourcesBuildPhase section */
		D00CD0B529F2CF5E0060D235 /* Sources */ = {
			isa = PBXSourcesBuildPhase;
			buildActionMask = 2147483647;
			files = (
				D0EFC49E2A238B8900FD0677 /* UIImage+Extension.swift in Sources */,
				D00C209B29F6E85200CC5EB3 /* UITextFied+Extension.swift in Sources */,
				D00CD0C129F2CF5E0060D235 /* ViewController.swift in Sources */,
				D00CD0ED29F2CFFF0060D235 /* ToastMessage.swift in Sources */,
				D0DEC3FA2A225E8600F08C57 /* Array+Extension.swift in Sources */,
				D00CD0BD29F2CF5E0060D235 /* AppDelegate.swift in Sources */,
				D00CD0BF29F2CF5E0060D235 /* SceneDelegate.swift in Sources */,
				D06149342A02C816005F2192 /* UITableView+Extensions.swift in Sources */,
				D01CC9F929F421E900C20E15 /* UIAlertViewController+UIVIew.swift in Sources */,
				D01CC9F629F420C400C20E15 /* AddDashBoard+UIView.swift in Sources */,
				D0F56CC329F5AA3600AAC53F /* UI+Extensions.swift in Sources */,
				D0004ABA2A26661400D60EAD /* Date+Extension.swift in Sources */,
				D09D08B529F84AB600ECDE24 /* UILabel+Extension.swift in Sources */,
				D0A5C3772A0BEB5500E88D38 /* SetColor+Label.swift in Sources */,
			);
			runOnlyForDeploymentPostprocessing = 0;
		};
		D00CD0CB29F2CF5F0060D235 /* Sources */ = {
			isa = PBXSourcesBuildPhase;
			buildActionMask = 2147483647;
			files = (
				D00CD0D429F2CF5F0060D235 /* ExtentionsTests.swift in Sources */,
			);
			runOnlyForDeploymentPostprocessing = 0;
		};
		D00CD0D529F2CF5F0060D235 /* Sources */ = {
			isa = PBXSourcesBuildPhase;
			buildActionMask = 2147483647;
			files = (
				D00CD0DE29F2CF5F0060D235 /* ExtentionsUITests.swift in Sources */,
				D00CD0E029F2CF5F0060D235 /* ExtentionsUITestsLaunchTests.swift in Sources */,
			);
			runOnlyForDeploymentPostprocessing = 0;
		};
/* End PBXSourcesBuildPhase section */

/* Begin PBXTargetDependency section */
		D00CD0D129F2CF5F0060D235 /* PBXTargetDependency */ = {
			isa = PBXTargetDependency;
			target = D00CD0B829F2CF5E0060D235 /* Extentions */;
			targetProxy = D00CD0D029F2CF5F0060D235 /* PBXContainerItemProxy */;
		};
		D00CD0DB29F2CF5F0060D235 /* PBXTargetDependency */ = {
			isa = PBXTargetDependency;
			target = D00CD0B829F2CF5E0060D235 /* Extentions */;
			targetProxy = D00CD0DA29F2CF5F0060D235 /* PBXContainerItemProxy */;
		};
/* End PBXTargetDependency section */

/* Begin PBXVariantGroup section */
		D00CD0C229F2CF5E0060D235 /* Main.storyboard */ = {
			isa = PBXVariantGroup;
			children = (
				D00CD0C329F2CF5E0060D235 /* Base */,
			);
			name = Main.storyboard;
			sourceTree = "<group>";
		};
		D00CD0C729F2CF5F0060D235 /* LaunchScreen.storyboard */ = {
			isa = PBXVariantGroup;
			children = (
				D00CD0C829F2CF5F0060D235 /* Base */,
			);
			name = LaunchScreen.storyboard;
			sourceTree = "<group>";
		};
/* End PBXVariantGroup section */

/* Begin XCBuildConfiguration section */
		D00CD0E129F2CF5F0060D235 /* Debug */ = {
			isa = XCBuildConfiguration;
			buildSettings = {
				ALWAYS_SEARCH_USER_PATHS = NO;
				CLANG_ANALYZER_NONNULL = YES;
				CLANG_ANALYZER_NUMBER_OBJECT_CONVERSION = YES_AGGRESSIVE;
				CLANG_CXX_LANGUAGE_STANDARD = "gnu++20";
				CLANG_ENABLE_MODULES = YES;
				CLANG_ENABLE_OBJC_ARC = YES;
				CLANG_ENABLE_OBJC_WEAK = YES;
				CLANG_WARN_BLOCK_CAPTURE_AUTORELEASING = YES;
				CLANG_WARN_BOOL_CONVERSION = YES;
				CLANG_WARN_COMMA = YES;
				CLANG_WARN_CONSTANT_CONVERSION = YES;
				CLANG_WARN_DEPRECATED_OBJC_IMPLEMENTATIONS = YES;
				CLANG_WARN_DIRECT_OBJC_ISA_USAGE = YES_ERROR;
				CLANG_WARN_DOCUMENTATION_COMMENTS = YES;
				CLANG_WARN_EMPTY_BODY = YES;
				CLANG_WARN_ENUM_CONVERSION = YES;
				CLANG_WARN_INFINITE_RECURSION = YES;
				CLANG_WARN_INT_CONVERSION = YES;
				CLANG_WARN_NON_LITERAL_NULL_CONVERSION = YES;
				CLANG_WARN_OBJC_IMPLICIT_RETAIN_SELF = YES;
				CLANG_WARN_OBJC_LITERAL_CONVERSION = YES;
				CLANG_WARN_OBJC_ROOT_CLASS = YES_ERROR;
				CLANG_WARN_QUOTED_INCLUDE_IN_FRAMEWORK_HEADER = YES;
				CLANG_WARN_RANGE_LOOP_ANALYSIS = YES;
				CLANG_WARN_STRICT_PROTOTYPES = YES;
				CLANG_WARN_SUSPICIOUS_MOVE = YES;
				CLANG_WARN_UNGUARDED_AVAILABILITY = YES_AGGRESSIVE;
				CLANG_WARN_UNREACHABLE_CODE = YES;
				CLANG_WARN__DUPLICATE_METHOD_MATCH = YES;
				COPY_PHASE_STRIP = NO;
				DEBUG_INFORMATION_FORMAT = dwarf;
				ENABLE_STRICT_OBJC_MSGSEND = YES;
				ENABLE_TESTABILITY = YES;
				GCC_C_LANGUAGE_STANDARD = gnu11;
				GCC_DYNAMIC_NO_PIC = NO;
				GCC_NO_COMMON_BLOCKS = YES;
				GCC_OPTIMIZATION_LEVEL = 0;
				GCC_PREPROCESSOR_DEFINITIONS = (
					"DEBUG=1",
					"$(inherited)",
				);
				GCC_WARN_64_TO_32_BIT_CONVERSION = YES;
				GCC_WARN_ABOUT_RETURN_TYPE = YES_ERROR;
				GCC_WARN_UNDECLARED_SELECTOR = YES;
				GCC_WARN_UNINITIALIZED_AUTOS = YES_AGGRESSIVE;
				GCC_WARN_UNUSED_FUNCTION = YES;
				GCC_WARN_UNUSED_VARIABLE = YES;
				IPHONEOS_DEPLOYMENT_TARGET = 16.4;
				MTL_ENABLE_DEBUG_INFO = INCLUDE_SOURCE;
				MTL_FAST_MATH = YES;
				ONLY_ACTIVE_ARCH = YES;
				SDKROOT = iphoneos;
				SWIFT_ACTIVE_COMPILATION_CONDITIONS = DEBUG;
				SWIFT_OPTIMIZATION_LEVEL = "-Onone";
			};
			name = Debug;
		};
		D00CD0E229F2CF5F0060D235 /* Release */ = {
			isa = XCBuildConfiguration;
			buildSettings = {
				ALWAYS_SEARCH_USER_PATHS = NO;
				CLANG_ANALYZER_NONNULL = YES;
				CLANG_ANALYZER_NUMBER_OBJECT_CONVERSION = YES_AGGRESSIVE;
				CLANG_CXX_LANGUAGE_STANDARD = "gnu++20";
				CLANG_ENABLE_MODULES = YES;
				CLANG_ENABLE_OBJC_ARC = YES;
				CLANG_ENABLE_OBJC_WEAK = YES;
				CLANG_WARN_BLOCK_CAPTURE_AUTORELEASING = YES;
				CLANG_WARN_BOOL_CONVERSION = YES;
				CLANG_WARN_COMMA = YES;
				CLANG_WARN_CONSTANT_CONVERSION = YES;
				CLANG_WARN_DEPRECATED_OBJC_IMPLEMENTATIONS = YES;
				CLANG_WARN_DIRECT_OBJC_ISA_USAGE = YES_ERROR;
				CLANG_WARN_DOCUMENTATION_COMMENTS = YES;
				CLANG_WARN_EMPTY_BODY = YES;
				CLANG_WARN_ENUM_CONVERSION = YES;
				CLANG_WARN_INFINITE_RECURSION = YES;
				CLANG_WARN_INT_CONVERSION = YES;
				CLANG_WARN_NON_LITERAL_NULL_CONVERSION = YES;
				CLANG_WARN_OBJC_IMPLICIT_RETAIN_SELF = YES;
				CLANG_WARN_OBJC_LITERAL_CONVERSION = YES;
				CLANG_WARN_OBJC_ROOT_CLASS = YES_ERROR;
				CLANG_WARN_QUOTED_INCLUDE_IN_FRAMEWORK_HEADER = YES;
				CLANG_WARN_RANGE_LOOP_ANALYSIS = YES;
				CLANG_WARN_STRICT_PROTOTYPES = YES;
				CLANG_WARN_SUSPICIOUS_MOVE = YES;
				CLANG_WARN_UNGUARDED_AVAILABILITY = YES_AGGRESSIVE;
				CLANG_WARN_UNREACHABLE_CODE = YES;
				CLANG_WARN__DUPLICATE_METHOD_MATCH = YES;
				COPY_PHASE_STRIP = NO;
				DEBUG_INFORMATION_FORMAT = "dwarf-with-dsym";
				ENABLE_NS_ASSERTIONS = NO;
				ENABLE_STRICT_OBJC_MSGSEND = YES;
				GCC_C_LANGUAGE_STANDARD = gnu11;
				GCC_NO_COMMON_BLOCKS = YES;
				GCC_WARN_64_TO_32_BIT_CONVERSION = YES;
				GCC_WARN_ABOUT_RETURN_TYPE = YES_ERROR;
				GCC_WARN_UNDECLARED_SELECTOR = YES;
				GCC_WARN_UNINITIALIZED_AUTOS = YES_AGGRESSIVE;
				GCC_WARN_UNUSED_FUNCTION = YES;
				GCC_WARN_UNUSED_VARIABLE = YES;
				IPHONEOS_DEPLOYMENT_TARGET = 16.4;
				MTL_ENABLE_DEBUG_INFO = NO;
				MTL_FAST_MATH = YES;
				SDKROOT = iphoneos;
				SWIFT_COMPILATION_MODE = wholemodule;
				SWIFT_OPTIMIZATION_LEVEL = "-O";
				VALIDATE_PRODUCT = YES;
			};
			name = Release;
		};
		D00CD0E429F2CF5F0060D235 /* Debug */ = {
			isa = XCBuildConfiguration;
			buildSettings = {
				ASSETCATALOG_COMPILER_APPICON_NAME = AppIcon;
				ASSETCATALOG_COMPILER_GLOBAL_ACCENT_COLOR_NAME = AccentColor;
				CODE_SIGN_STYLE = Automatic;
				CURRENT_PROJECT_VERSION = 1;
				DEVELOPMENT_TEAM = UQXX58D4FP;
				GENERATE_INFOPLIST_FILE = YES;
				INFOPLIST_FILE = Extentions/Info.plist;
				INFOPLIST_KEY_UIApplicationSupportsIndirectInputEvents = YES;
				INFOPLIST_KEY_UILaunchStoryboardName = LaunchScreen;
				INFOPLIST_KEY_UIMainStoryboardFile = Main;
				INFOPLIST_KEY_UISupportedInterfaceOrientations_iPad = "UIInterfaceOrientationPortrait UIInterfaceOrientationPortraitUpsideDown UIInterfaceOrientationLandscapeLeft UIInterfaceOrientationLandscapeRight";
				INFOPLIST_KEY_UISupportedInterfaceOrientations_iPhone = "UIInterfaceOrientationPortrait UIInterfaceOrientationLandscapeLeft UIInterfaceOrientationLandscapeRight";
				LD_RUNPATH_SEARCH_PATHS = (
					"$(inherited)",
					"@executable_path/Frameworks",
				);
				MARKETING_VERSION = 1.0;
				PRODUCT_BUNDLE_IDENTIFIER = com.akshayKumar.com.Extentions;
				PRODUCT_NAME = "$(TARGET_NAME)";
				SWIFT_EMIT_LOC_STRINGS = YES;
				SWIFT_VERSION = 5.0;
				TARGETED_DEVICE_FAMILY = "1,2";
			};
			name = Debug;
		};
		D00CD0E529F2CF5F0060D235 /* Release */ = {
			isa = XCBuildConfiguration;
			buildSettings = {
				ASSETCATALOG_COMPILER_APPICON_NAME = AppIcon;
				ASSETCATALOG_COMPILER_GLOBAL_ACCENT_COLOR_NAME = AccentColor;
				CODE_SIGN_STYLE = Automatic;
				CURRENT_PROJECT_VERSION = 1;
				DEVELOPMENT_TEAM = UQXX58D4FP;
				GENERATE_INFOPLIST_FILE = YES;
				INFOPLIST_FILE = Extentions/Info.plist;
				INFOPLIST_KEY_UIApplicationSupportsIndirectInputEvents = YES;
				INFOPLIST_KEY_UILaunchStoryboardName = LaunchScreen;
				INFOPLIST_KEY_UIMainStoryboardFile = Main;
				INFOPLIST_KEY_UISupportedInterfaceOrientations_iPad = "UIInterfaceOrientationPortrait UIInterfaceOrientationPortraitUpsideDown UIInterfaceOrientationLandscapeLeft UIInterfaceOrientationLandscapeRight";
				INFOPLIST_KEY_UISupportedInterfaceOrientations_iPhone = "UIInterfaceOrientationPortrait UIInterfaceOrientationLandscapeLeft UIInterfaceOrientationLandscapeRight";
				LD_RUNPATH_SEARCH_PATHS = (
					"$(inherited)",
					"@executable_path/Frameworks",
				);
				MARKETING_VERSION = 1.0;
				PRODUCT_BUNDLE_IDENTIFIER = com.akshayKumar.com.Extentions;
				PRODUCT_NAME = "$(TARGET_NAME)";
				SWIFT_EMIT_LOC_STRINGS = YES;
				SWIFT_VERSION = 5.0;
				TARGETED_DEVICE_FAMILY = "1,2";
			};
			name = Release;
		};
		D00CD0E729F2CF5F0060D235 /* Debug */ = {
			isa = XCBuildConfiguration;
			buildSettings = {
				ALWAYS_EMBED_SWIFT_STANDARD_LIBRARIES = YES;
				BUNDLE_LOADER = "$(TEST_HOST)";
				CODE_SIGN_STYLE = Automatic;
				CURRENT_PROJECT_VERSION = 1;
				DEVELOPMENT_TEAM = UQXX58D4FP;
				GENERATE_INFOPLIST_FILE = YES;
				IPHONEOS_DEPLOYMENT_TARGET = 16.4;
				MARKETING_VERSION = 1.0;
				PRODUCT_BUNDLE_IDENTIFIER = com.akshayKumar.com.ExtentionsTests;
				PRODUCT_NAME = "$(TARGET_NAME)";
				SWIFT_EMIT_LOC_STRINGS = NO;
				SWIFT_VERSION = 5.0;
				TARGETED_DEVICE_FAMILY = "1,2";
				TEST_HOST = "$(BUILT_PRODUCTS_DIR)/Extentions.app/$(BUNDLE_EXECUTABLE_FOLDER_PATH)/Extentions";
			};
			name = Debug;
		};
		D00CD0E829F2CF5F0060D235 /* Release */ = {
			isa = XCBuildConfiguration;
			buildSettings = {
				ALWAYS_EMBED_SWIFT_STANDARD_LIBRARIES = YES;
				BUNDLE_LOADER = "$(TEST_HOST)";
				CODE_SIGN_STYLE = Automatic;
				CURRENT_PROJECT_VERSION = 1;
				DEVELOPMENT_TEAM = UQXX58D4FP;
				GENERATE_INFOPLIST_FILE = YES;
				IPHONEOS_DEPLOYMENT_TARGET = 16.4;
				MARKETING_VERSION = 1.0;
				PRODUCT_BUNDLE_IDENTIFIER = com.akshayKumar.com.ExtentionsTests;
				PRODUCT_NAME = "$(TARGET_NAME)";
				SWIFT_EMIT_LOC_STRINGS = NO;
				SWIFT_VERSION = 5.0;
				TARGETED_DEVICE_FAMILY = "1,2";
				TEST_HOST = "$(BUILT_PRODUCTS_DIR)/Extentions.app/$(BUNDLE_EXECUTABLE_FOLDER_PATH)/Extentions";
			};
			name = Release;
		};
		D00CD0EA29F2CF5F0060D235 /* Debug */ = {
			isa = XCBuildConfiguration;
			buildSettings = {
				ALWAYS_EMBED_SWIFT_STANDARD_LIBRARIES = YES;
				CODE_SIGN_STYLE = Automatic;
				CURRENT_PROJECT_VERSION = 1;
				DEVELOPMENT_TEAM = UQXX58D4FP;
				GENERATE_INFOPLIST_FILE = YES;
				MARKETING_VERSION = 1.0;
				PRODUCT_BUNDLE_IDENTIFIER = com.akshayKumar.com.ExtentionsUITests;
				PRODUCT_NAME = "$(TARGET_NAME)";
				SWIFT_EMIT_LOC_STRINGS = NO;
				SWIFT_VERSION = 5.0;
				TARGETED_DEVICE_FAMILY = "1,2";
				TEST_TARGET_NAME = Extentions;
			};
			name = Debug;
		};
		D00CD0EB29F2CF5F0060D235 /* Release */ = {
			isa = XCBuildConfiguration;
			buildSettings = {
				ALWAYS_EMBED_SWIFT_STANDARD_LIBRARIES = YES;
				CODE_SIGN_STYLE = Automatic;
				CURRENT_PROJECT_VERSION = 1;
				DEVELOPMENT_TEAM = UQXX58D4FP;
				GENERATE_INFOPLIST_FILE = YES;
				MARKETING_VERSION = 1.0;
				PRODUCT_BUNDLE_IDENTIFIER = com.akshayKumar.com.ExtentionsUITests;
				PRODUCT_NAME = "$(TARGET_NAME)";
				SWIFT_EMIT_LOC_STRINGS = NO;
				SWIFT_VERSION = 5.0;
				TARGETED_DEVICE_FAMILY = "1,2";
				TEST_TARGET_NAME = Extentions;
			};
			name = Release;
		};
/* End XCBuildConfiguration section */

/* Begin XCConfigurationList section */
		D00CD0B429F2CF5E0060D235 /* Build configuration list for PBXProject "Extentions" */ = {
			isa = XCConfigurationList;
			buildConfigurations = (
				D00CD0E129F2CF5F0060D235 /* Debug */,
				D00CD0E229F2CF5F0060D235 /* Release */,
			);
			defaultConfigurationIsVisible = 0;
			defaultConfigurationName = Release;
		};
		D00CD0E329F2CF5F0060D235 /* Build configuration list for PBXNativeTarget "Extentions" */ = {
			isa = XCConfigurationList;
			buildConfigurations = (
				D00CD0E429F2CF5F0060D235 /* Debug */,
				D00CD0E529F2CF5F0060D235 /* Release */,
			);
			defaultConfigurationIsVisible = 0;
			defaultConfigurationName = Release;
		};
		D00CD0E629F2CF5F0060D235 /* Build configuration list for PBXNativeTarget "ExtentionsTests" */ = {
			isa = XCConfigurationList;
			buildConfigurations = (
				D00CD0E729F2CF5F0060D235 /* Debug */,
				D00CD0E829F2CF5F0060D235 /* Release */,
			);
			defaultConfigurationIsVisible = 0;
			defaultConfigurationName = Release;
		};
		D00CD0E929F2CF5F0060D235 /* Build configuration list for PBXNativeTarget "ExtentionsUITests" */ = {
			isa = XCConfigurationList;
			buildConfigurations = (
				D00CD0EA29F2CF5F0060D235 /* Debug */,
				D00CD0EB29F2CF5F0060D235 /* Release */,
			);
			defaultConfigurationIsVisible = 0;
			defaultConfigurationName = Release;
		};
/* End XCConfigurationList section */
	};
	rootObject = D00CD0B129F2CF5E0060D235 /* Project object */;
}
